// !$*UTF8*$!
{
	archiveVersion = 1;
	classes = {
	};
	objectVersion = 50;
	objects = {

/* Begin PBXBuildFile section */
		9E6DB40F22A15568005C2FFD /* AppDelegate.swift in Sources */ = {isa = PBXBuildFile; fileRef = 9E6DB40E22A15568005C2FFD /* AppDelegate.swift */; };
		9E6DB41122A15568005C2FFD /* ViewController.swift in Sources */ = {isa = PBXBuildFile; fileRef = 9E6DB41022A15568005C2FFD /* ViewController.swift */; };
		9E6DB41422A15568005C2FFD /* Main.storyboard in Resources */ = {isa = PBXBuildFile; fileRef = 9E6DB41222A15568005C2FFD /* Main.storyboard */; };
		9E6DB41622A15568005C2FFD /* Assets.xcassets in Resources */ = {isa = PBXBuildFile; fileRef = 9E6DB41522A15568005C2FFD /* Assets.xcassets */; };
		9E6DB41922A15568005C2FFD /* LaunchScreen.storyboard in Resources */ = {isa = PBXBuildFile; fileRef = 9E6DB41722A15568005C2FFD /* LaunchScreen.storyboard */; };
		9E6DB42222A3E4C8005C2FFD /* Course.swift in Sources */ = {isa = PBXBuildFile; fileRef = 9E6DB42122A3E4C8005C2FFD /* Course.swift */; };
		9E6DB42522A3E553005C2FFD /* CourseCell.swift in Sources */ = {isa = PBXBuildFile; fileRef = 9E6DB42422A3E553005C2FFD /* CourseCell.swift */; };
		9E6DB42822A3E8F6005C2FFD /* CoursesController.swift in Sources */ = {isa = PBXBuildFile; fileRef = 9E6DB42722A3E8F6005C2FFD /* CoursesController.swift */; };
		9E6DB42B22A51243005C2FFD /* Service.swift in Sources */ = {isa = PBXBuildFile; fileRef = 9E6DB42A22A51243005C2FFD /* Service.swift */; };
		9E6DB42F22A66728005C2FFD /* CourseViewModel.swift in Sources */ = {isa = PBXBuildFile; fileRef = 9E6DB42E22A66728005C2FFD /* CourseViewModel.swift */; };
/* End PBXBuildFile section */

/* Begin PBXFileReference section */
		9E6DB40B22A15568005C2FFD /* mvvm.app */ = {isa = PBXFileReference; explicitFileType = wrapper.application; includeInIndex = 0; path = mvvm.app; sourceTree = BUILT_PRODUCTS_DIR; };
		9E6DB40E22A15568005C2FFD /* AppDelegate.swift */ = {isa = PBXFileReference; lastKnownFileType = sourcecode.swift; path = AppDelegate.swift; sourceTree = "<group>"; };
		9E6DB41022A15568005C2FFD /* ViewController.swift */ = {isa = PBXFileReference; lastKnownFileType = sourcecode.swift; path = ViewController.swift; sourceTree = "<group>"; };
		9E6DB41322A15568005C2FFD /* Base */ = {isa = PBXFileReference; lastKnownFileType = file.storyboard; name = Base; path = Base.lproj/Main.storyboard; sourceTree = "<group>"; };
		9E6DB41522A15568005C2FFD /* Assets.xcassets */ = {isa = PBXFileReference; lastKnownFileType = folder.assetcatalog; path = Assets.xcassets; sourceTree = "<group>"; };
		9E6DB41822A15568005C2FFD /* Base */ = {isa = PBXFileReference; lastKnownFileType = file.storyboard; name = Base; path = Base.lproj/LaunchScreen.storyboard; sourceTree = "<group>"; };
		9E6DB41A22A15568005C2FFD /* Info.plist */ = {isa = PBXFileReference; lastKnownFileType = text.plist.xml; path = Info.plist; sourceTree = "<group>"; };
		9E6DB42122A3E4C8005C2FFD /* Course.swift */ = {isa = PBXFileReference; lastKnownFileType = sourcecode.swift; path = Course.swift; sourceTree = "<group>"; };
		9E6DB42422A3E553005C2FFD /* CourseCell.swift */ = {isa = PBXFileReference; lastKnownFileType = sourcecode.swift; path = CourseCell.swift; sourceTree = "<group>"; };
		9E6DB42722A3E8F6005C2FFD /* CoursesController.swift */ = {isa = PBXFileReference; lastKnownFileType = sourcecode.swift; path = CoursesController.swift; sourceTree = "<group>"; };
		9E6DB42A22A51243005C2FFD /* Service.swift */ = {isa = PBXFileReference; lastKnownFileType = sourcecode.swift; path = Service.swift; sourceTree = "<group>"; };
		9E6DB42E22A66728005C2FFD /* CourseViewModel.swift */ = {isa = PBXFileReference; lastKnownFileType = sourcecode.swift; path = CourseViewModel.swift; sourceTree = "<group>"; };
/* End PBXFileReference section */

/* Begin PBXFrameworksBuildPhase section */
		9E6DB40822A15568005C2FFD /* Frameworks */ = {
			isa = PBXFrameworksBuildPhase;
			buildActionMask = 2147483647;
			files = (
			);
			runOnlyForDeploymentPostprocessing = 0;
		};
/* End PBXFrameworksBuildPhase section */

/* Begin PBXGroup section */
		9E6DB40222A15568005C2FFD = {
			isa = PBXGroup;
			children = (
				9E6DB40D22A15568005C2FFD /* mvvm */,
				9E6DB40C22A15568005C2FFD /* Products */,
			);
			sourceTree = "<group>";
		};
		9E6DB40C22A15568005C2FFD /* Products */ = {
			isa = PBXGroup;
			children = (
				9E6DB40B22A15568005C2FFD /* mvvm.app */,
			);
			name = Products;
			sourceTree = "<group>";
		};
		9E6DB40D22A15568005C2FFD /* mvvm */ = {
			isa = PBXGroup;
			children = (
				9E6DB42D22A66706005C2FFD /* ViewModel */,
				9E6DB42922A51221005C2FFD /* Service */,
				9E6DB42622A3E8D7005C2FFD /* Controller */,
				9E6DB42322A3E518005C2FFD /* View */,
				9E6DB42022A3E4B5005C2FFD /* Model */,
				9E6DB40E22A15568005C2FFD /* AppDelegate.swift */,
				9E6DB41022A15568005C2FFD /* ViewController.swift */,
				9E6DB41222A15568005C2FFD /* Main.storyboard */,
				9E6DB41522A15568005C2FFD /* Assets.xcassets */,
				9E6DB41722A15568005C2FFD /* LaunchScreen.storyboard */,
				9E6DB41A22A15568005C2FFD /* Info.plist */,
			);
			path = mvvm;
			sourceTree = "<group>";
		};
		9E6DB42022A3E4B5005C2FFD /* Model */ = {
			isa = PBXGroup;
			children = (
				9E6DB42122A3E4C8005C2FFD /* Course.swift */,
			);
			path = Model;
			sourceTree = "<group>";
		};
		9E6DB42322A3E518005C2FFD /* View */ = {
			isa = PBXGroup;
			children = (
				9E6DB42422A3E553005C2FFD /* CourseCell.swift */,
			);
			path = View;
			sourceTree = "<group>";
		};
		9E6DB42622A3E8D7005C2FFD /* Controller */ = {
			isa = PBXGroup;
			children = (
				9E6DB42722A3E8F6005C2FFD /* CoursesController.swift */,
			);
			path = Controller;
			sourceTree = "<group>";
		};
		9E6DB42922A51221005C2FFD /* Service */ = {
			isa = PBXGroup;
			children = (
				9E6DB42A22A51243005C2FFD /* Service.swift */,
			);
			path = Service;
			sourceTree = "<group>";
		};
		9E6DB42D22A66706005C2FFD /* ViewModel */ = {
			isa = PBXGroup;
			children = (
				9E6DB42E22A66728005C2FFD /* CourseViewModel.swift */,
			);
			path = ViewModel;
			sourceTree = "<group>";
		};
/* End PBXGroup section */

/* Begin PBXNativeTarget section */
		9E6DB40A22A15568005C2FFD /* mvvm */ = {
			isa = PBXNativeTarget;
			buildConfigurationList = 9E6DB41D22A15568005C2FFD /* Build configuration list for PBXNativeTarget "mvvm" */;
			buildPhases = (
				9E6DB40722A15568005C2FFD /* Sources */,
				9E6DB40822A15568005C2FFD /* Frameworks */,
				9E6DB40922A15568005C2FFD /* Resources */,
			);
			buildRules = (
			);
			dependencies = (
			);
			name = mvvm;
			productName = mvvm;
			productReference = 9E6DB40B22A15568005C2FFD /* mvvm.app */;
			productType = "com.apple.product-type.application";
		};
/* End PBXNativeTarget section */

/* Begin PBXProject section */
		9E6DB40322A15568005C2FFD /* Project object */ = {
			isa = PBXProject;
			attributes = {
				LastSwiftUpdateCheck = 1020;
				LastUpgradeCheck = 1020;
				ORGANIZATIONNAME = "Christoph Wottawa";
				TargetAttributes = {
					9E6DB40A22A15568005C2FFD = {
						CreatedOnToolsVersion = 10.2.1;
					};
				};
			};
			buildConfigurationList = 9E6DB40622A15568005C2FFD /* Build configuration list for PBXProject "mvvm" */;
			compatibilityVersion = "Xcode 9.3";
			developmentRegion = en;
			hasScannedForEncodings = 0;
			knownRegions = (
				en,
				Base,
			);
			mainGroup = 9E6DB40222A15568005C2FFD;
			productRefGroup = 9E6DB40C22A15568005C2FFD /* Products */;
			projectDirPath = "";
			projectRoot = "";
			targets = (
				9E6DB40A22A15568005C2FFD /* mvvm */,
			);
		};
/* End PBXProject section */

/* Begin PBXResourcesBuildPhase section */
		9E6DB40922A15568005C2FFD /* Resources */ = {
			isa = PBXResourcesBuildPhase;
			buildActionMask = 2147483647;
			files = (
				9E6DB41922A15568005C2FFD /* LaunchScreen.storyboard in Resources */,
				9E6DB41622A15568005C2FFD /* Assets.xcassets in Resources */,
				9E6DB41422A15568005C2FFD /* Main.storyboard in Resources */,
			);
			runOnlyForDeploymentPostprocessing = 0;
		};
/* End PBXResourcesBuildPhase section */

/* Begin PBXSourcesBuildPhase section */
		9E6DB40722A15568005C2FFD /* Sources */ = {
			isa = PBXSourcesBuildPhase;
			buildActionMask = 2147483647;
			files = (
				9E6DB42522A3E553005C2FFD /* CourseCell.swift in Sources */,
				9E6DB42222A3E4C8005C2FFD /* Course.swift in Sources */,
				9E6DB42F22A66728005C2FFD /* CourseViewModel.swift in Sources */,
				9E6DB41122A15568005C2FFD /* ViewController.swift in Sources */,
				9E6DB40F22A15568005C2FFD /* AppDelegate.swift in Sources */,
				9E6DB42822A3E8F6005C2FFD /* CoursesController.swift in Sources */,
				9E6DB42B22A51243005C2FFD /* Service.swift in Sources */,
			);
			runOnlyForDeploymentPostprocessing = 0;
		};
/* End PBXSourcesBuildPhase section */

/* Begin PBXVariantGroup section */
		9E6DB41222A15568005C2FFD /* Main.storyboard */ = {
			isa = PBXVariantGroup;
			children = (
				9E6DB41322A15568005C2FFD /* Base */,
			);
			name = Main.storyboard;
			sourceTree = "<group>";
		};
		9E6DB41722A15568005C2FFD /* LaunchScreen.storyboard */ = {
			isa = PBXVariantGroup;
			children = (
				9E6DB41822A15568005C2FFD /* Base */,
			);
			name = LaunchScreen.storyboard;
			sourceTree = "<group>";
		};
/* End PBXVariantGroup section */

/* Begin XCBuildConfiguration section */
		9E6DB41B22A15568005C2FFD /* Debug */ = {
			isa = XCBuildConfiguration;
			buildSettings = {
				ALWAYS_SEARCH_USER_PATHS = NO;
				CLANG_ANALYZER_NONNULL = YES;
				CLANG_ANALYZER_NUMBER_OBJECT_CONVERSION = YES_AGGRESSIVE;
				CLANG_CXX_LANGUAGE_STANDARD = "gnu++14";
				CLANG_CXX_LIBRARY = "libc++";
				CLANG_ENABLE_MODULES = YES;
				CLANG_ENABLE_OBJC_ARC = YES;
				CLANG_ENABLE_OBJC_WEAK = YES;
				CLANG_WARN_BLOCK_CAPTURE_AUTORELEASING = YES;
				CLANG_WARN_BOOL_CONVERSION = YES;
				CLANG_WARN_COMMA = YES;
				CLANG_WARN_CONSTANT_CONVERSION = YES;
				CLANG_WARN_DEPRECATED_OBJC_IMPLEMENTATIONS = YES;
				CLANG_WARN_DIRECT_OBJC_ISA_USAGE = YES_ERROR;
				CLANG_WARN_DOCUMENTATION_COMMENTS = YES;
				CLANG_WARN_EMPTY_BODY = YES;
				CLANG_WARN_ENUM_CONVERSION = YES;
				CLANG_WARN_INFINITE_RECURSION = YES;
				CLANG_WARN_INT_CONVERSION = YES;
				CLANG_WARN_NON_LITERAL_NULL_CONVERSION = YES;
				CLANG_WARN_OBJC_IMPLICIT_RETAIN_SELF = YES;
				CLANG_WARN_OBJC_LITERAL_CONVERSION = YES;
				CLANG_WARN_OBJC_ROOT_CLASS = YES_ERROR;
				CLANG_WARN_RANGE_LOOP_ANALYSIS = YES;
				CLANG_WARN_STRICT_PROTOTYPES = YES;
				CLANG_WARN_SUSPICIOUS_MOVE = YES;
				CLANG_WARN_UNGUARDED_AVAILABILITY = YES_AGGRESSIVE;
				CLANG_WARN_UNREACHABLE_CODE = YES;
				CLANG_WARN__DUPLICATE_METHOD_MATCH = YES;
				CODE_SIGN_IDENTITY = "iPhone Developer";
				COPY_PHASE_STRIP = NO;
				DEBUG_INFORMATION_FORMAT = dwarf;
				ENABLE_STRICT_OBJC_MSGSEND = YES;
				ENABLE_TESTABILITY = YES;
				GCC_C_LANGUAGE_STANDARD = gnu11;
				GCC_DYNAMIC_NO_PIC = NO;
				GCC_NO_COMMON_BLOCKS = YES;
				GCC_OPTIMIZATION_LEVEL = 0;
				GCC_PREPROCESSOR_DEFINITIONS = (
					"DEBUG=1",
					"$(inherited)",
				);
				GCC_WARN_64_TO_32_BIT_CONVERSION = YES;
				GCC_WARN_ABOUT_RETURN_TYPE = YES_ERROR;
				GCC_WARN_UNDECLARED_SELECTOR = YES;
				GCC_WARN_UNINITIALIZED_AUTOS = YES_AGGRESSIVE;
				GCC_WARN_UNUSED_FUNCTION = YES;
				GCC_WARN_UNUSED_VARIABLE = YES;
				IPHONEOS_DEPLOYMENT_TARGET = 12.2;
				MTL_ENABLE_DEBUG_INFO = INCLUDE_SOURCE;
				MTL_FAST_MATH = YES;
				ONLY_ACTIVE_ARCH = YES;
				SDKROOT = iphoneos;
				SWIFT_ACTIVE_COMPILATION_CONDITIONS = DEBUG;
				SWIFT_OPTIMIZATION_LEVEL = "-Onone";
			};
			name = Debug;
		};
		9E6DB41C22A15568005C2FFD /* Release */ = {
			isa = XCBuildConfiguration;
			buildSettings = {
				ALWAYS_SEARCH_USER_PATHS = NO;
				CLANG_ANALYZER_NONNULL = YES;
				CLANG_ANALYZER_NUMBER_OBJECT_CONVERSION = YES_AGGRESSIVE;
				CLANG_CXX_LANGUAGE_STANDARD = "gnu++14";
				CLANG_CXX_LIBRARY = "libc++";
				CLANG_ENABLE_MODULES = YES;
				CLANG_ENABLE_OBJC_ARC = YES;
				CLANG_ENABLE_OBJC_WEAK = YES;
				CLANG_WARN_BLOCK_CAPTURE_AUTORELEASING = YES;
				CLANG_WARN_BOOL_CONVERSION = YES;
				CLANG_WARN_COMMA = YES;
				CLANG_WARN_CONSTANT_CONVERSION = YES;
				CLANG_WARN_DEPRECATED_OBJC_IMPLEMENTATIONS = YES;
				CLANG_WARN_DIRECT_OBJC_ISA_USAGE = YES_ERROR;
				CLANG_WARN_DOCUMENTATION_COMMENTS = YES;
				CLANG_WARN_EMPTY_BODY = YES;
				CLANG_WARN_ENUM_CONVERSION = YES;
				CLANG_WARN_INFINITE_RECURSION = YES;
				CLANG_WARN_INT_CONVERSION = YES;
				CLANG_WARN_NON_LITERAL_NULL_CONVERSION = YES;
				CLANG_WARN_OBJC_IMPLICIT_RETAIN_SELF = YES;
				CLANG_WARN_OBJC_LITERAL_CONVERSION = YES;
				CLANG_WARN_OBJC_ROOT_CLASS = YES_ERROR;
				CLANG_WARN_RANGE_LOOP_ANALYSIS = YES;
				CLANG_WARN_STRICT_PROTOTYPES = YES;
				CLANG_WARN_SUSPICIOUS_MOVE = YES;
				CLANG_WARN_UNGUARDED_AVAILABILITY = YES_AGGRESSIVE;
				CLANG_WARN_UNREACHABLE_CODE = YES;
				CLANG_WARN__DUPLICATE_METHOD_MATCH = YES;
				CODE_SIGN_IDENTITY = "iPhone Developer";
				COPY_PHASE_STRIP = NO;
				DEBUG_INFORMATION_FORMAT = "dwarf-with-dsym";
				ENABLE_NS_ASSERTIONS = NO;
				ENABLE_STRICT_OBJC_MSGSEND = YES;
				GCC_C_LANGUAGE_STANDARD = gnu11;
				GCC_NO_COMMON_BLOCKS = YES;
				GCC_WARN_64_TO_32_BIT_CONVERSION = YES;
				GCC_WARN_ABOUT_RETURN_TYPE = YES_ERROR;
				GCC_WARN_UNDECLARED_SELECTOR = YES;
				GCC_WARN_UNINITIALIZED_AUTOS = YES_AGGRESSIVE;
				GCC_WARN_UNUSED_FUNCTION = YES;
				GCC_WARN_UNUSED_VARIABLE = YES;
				IPHONEOS_DEPLOYMENT_TARGET = 12.2;
				MTL_ENABLE_DEBUG_INFO = NO;
				MTL_FAST_MATH = YES;
				SDKROOT = iphoneos;
				SWIFT_COMPILATION_MODE = wholemodule;
				SWIFT_OPTIMIZATION_LEVEL = "-O";
				VALIDATE_PRODUCT = YES;
			};
			name = Release;
		};
		9E6DB41E22A15568005C2FFD /* Debug */ = {
			isa = XCBuildConfiguration;
			buildSettings = {
				ASSETCATALOG_COMPILER_APPICON_NAME = AppIcon;
				CODE_SIGN_STYLE = Automatic;
				DEVELOPMENT_TEAM = K6YDQ7N662;
				INFOPLIST_FILE = mvvm/Info.plist;
				LD_RUNPATH_SEARCH_PATHS = (
					"$(inherited)",
					"@executable_path/Frameworks",
				);
				PRODUCT_BUNDLE_IDENTIFIER = at.ccomp.mvvm;
				PRODUCT_NAME = "$(TARGET_NAME)";
				SWIFT_VERSION = 5.0;
				TARGETED_DEVICE_FAMILY = "1,2";
			};
			name = Debug;
		};
		9E6DB41F22A15568005C2FFD /* Release */ = {
			isa = XCBuildConfiguration;
			buildSettings = {
				ASSETCATALOG_COMPILER_APPICON_NAME = AppIcon;
				CODE_SIGN_STYLE = Automatic;
				DEVELOPMENT_TEAM = K6YDQ7N662;
				INFOPLIST_FILE = mvvm/Info.plist;
				LD_RUNPATH_SEARCH_PATHS = (
					"$(inherited)",
					"@executable_path/Frameworks",
				);
				PRODUCT_BUNDLE_IDENTIFIER = at.ccomp.mvvm;
				PRODUCT_NAME = "$(TARGET_NAME)";
				SWIFT_VERSION = 5.0;
				TARGETED_DEVICE_FAMILY = "1,2";
			};
			name = Release;
		};
/* End XCBuildConfiguration section */

/* Begin XCConfigurationList section */
		9E6DB40622A15568005C2FFD /* Build configuration list for PBXProject "mvvm" */ = {
			isa = XCConfigurationList;
			buildConfigurations = (
				9E6DB41B22A15568005C2FFD /* Debug */,
				9E6DB41C22A15568005C2FFD /* Release */,
			);
			defaultConfigurationIsVisible = 0;
			defaultConfigurationName = Release;
		};
		9E6DB41D22A15568005C2FFD /* Build configuration list for PBXNativeTarget "mvvm" */ = {
			isa = XCConfigurationList;
			buildConfigurations = (
				9E6DB41E22A15568005C2FFD /* Debug */,
				9E6DB41F22A15568005C2FFD /* Release */,
			);
			defaultConfigurationIsVisible = 0;
			defaultConfigurationName = Release;
		};
/* End XCConfigurationList section */
	};
	rootObject = 9E6DB40322A15568005C2FFD /* Project object */;
}
